// !$*UTF8*$!
{
	archiveVersion = 1;
	classes = {
	};
	objectVersion = 46;
	objects = {

/* Begin PBXGroup section */
		61EA05F715F8E10F00B0D0CF = {
			isa = PBXGroup;
			children = (
			);
			sourceTree = "<group>";
		};
/* End PBXGroup section */

/* Begin PBXProject section */
		61EA05F915F8E10F00B0D0CF /* Project object */ = {
			isa = PBXProject;
			attributes = {
				LastUpgradeCheck = 0440;
			};
			buildConfigurationList = 61EA05FC15F8E10F00B0D0CF /* Build configuration list for PBXProject "ios-test-1" */;
			compatibilityVersion = "Xcode 3.2";
			developmentRegion = English;
			hasScannedForEncodings = 0;
			knownRegions = (
				en,
			);
			mainGroup = 61EA05F715F8E10F00B0D0CF;
			projectDirPath = "";
			projectRoot = "";
			targets = (
			);
		};
/* End PBXProject section */

/* Begin XCBuildConfiguration section */
		61EA05FE15F8E10F00B0D0CF /* Debug */ = {
			isa = XCBuildConfiguration;
			buildSettings = {
			};
			name = Debug;
		};
		61EA05FF15F8E10F00B0D0CF /* Release */ = {
			isa = XCBuildConfiguration;
			buildSettings = {
			};
			name = Release;
		};
/* End XCBuildConfiguration section */

/* Begin XCConfigurationList section */
		61EA05FC15F8E10F00B0D0CF /* Build configuration list for PBXProject "ios-test-1" */ = {
			isa = XCConfigurationList;
			buildConfigurations = (
				61EA05FE15F8E10F00B0D0CF /* Debug */,
				61EA05FF15F8E10F00B0D0CF /* Release */,
			);
			defaultConfigurationIsVisible = 0;
			defaultConfigurationName = Release;
		};
/* End XCConfigurationList section */
	};
	rootObject = 61EA05F915F8E10F00B0D0CF /* Project object */;
}
